// !$*UTF8*$!
{
	archiveVersion = 1;
	classes = {
	};
	objectVersion = 46;
	objects = {

/* Begin PBXBuildFile section */
		CEB4E8111EF3ABDE00BE7AA2 /* main.swift in Sources */ = {isa = PBXBuildFile; fileRef = CEB4E8101EF3ABDE00BE7AA2 /* main.swift */; };
		CEB4E8181EF3ACB500BE7AA2 /* MyClasses.swift in Sources */ = {isa = PBXBuildFile; fileRef = CEB4E8171EF3ACB500BE7AA2 /* MyClasses.swift */; };
/* End PBXBuildFile section */

/* Begin PBXCopyFilesBuildPhase section */
		CEB4E80B1EF3ABDE00BE7AA2 /* CopyFiles */ = {
			isa = PBXCopyFilesBuildPhase;
			buildActionMask = 2147483647;
			dstPath = /usr/share/man/man1/;
			dstSubfolderSpec = 0;
			files = (
			);
			runOnlyForDeploymentPostprocessing = 1;
		};
/* End PBXCopyFilesBuildPhase section */

/* Begin PBXFileReference section */
		CEB4E80D1EF3ABDE00BE7AA2 /* Lee10 */ = {isa = PBXFileReference; explicitFileType = "compiled.mach-o.executable"; includeInIndex = 0; path = Lee10; sourceTree = BUILT_PRODUCTS_DIR; };
		CEB4E8101EF3ABDE00BE7AA2 /* main.swift */ = {isa = PBXFileReference; lastKnownFileType = sourcecode.swift; path = main.swift; sourceTree = "<group>"; };
		CEB4E8171EF3ACB500BE7AA2 /* MyClasses.swift */ = {isa = PBXFileReference; fileEncoding = 4; lastKnownFileType = sourcecode.swift; path = MyClasses.swift; sourceTree = "<group>"; };
/* End PBXFileReference section */

/* Begin PBXFrameworksBuildPhase section */
		CEB4E80A1EF3ABDE00BE7AA2 /* Frameworks */ = {
			isa = PBXFrameworksBuildPhase;
			buildActionMask = 2147483647;
			files = (
			);
			runOnlyForDeploymentPostprocessing = 0;
		};
/* End PBXFrameworksBuildPhase section */

/* Begin PBXGroup section */
		CEB4E8041EF3ABDE00BE7AA2 = {
			isa = PBXGroup;
			children = (
				CEB4E80F1EF3ABDE00BE7AA2 /* Lee10 */,
				CEB4E80E1EF3ABDE00BE7AA2 /* Products */,
			);
			sourceTree = "<group>";
		};
		CEB4E80E1EF3ABDE00BE7AA2 /* Products */ = {
			isa = PBXGroup;
			children = (
				CEB4E80D1EF3ABDE00BE7AA2 /* Lee10 */,
			);
			name = Products;
			sourceTree = "<group>";
		};
		CEB4E80F1EF3ABDE00BE7AA2 /* Lee10 */ = {
			isa = PBXGroup;
			children = (
				CEB4E8101EF3ABDE00BE7AA2 /* main.swift */,
				CEB4E8171EF3ACB500BE7AA2 /* MyClasses.swift */,
			);
			path = Lee10;
			sourceTree = "<group>";
		};
/* End PBXGroup section */

/* Begin PBXNativeTarget section */
		CEB4E80C1EF3ABDE00BE7AA2 /* Lee10 */ = {
			isa = PBXNativeTarget;
			buildConfigurationList = CEB4E8141EF3ABDE00BE7AA2 /* Build configuration list for PBXNativeTarget "Lee10" */;
			buildPhases = (
				CEB4E8091EF3ABDE00BE7AA2 /* Sources */,
				CEB4E80A1EF3ABDE00BE7AA2 /* Frameworks */,
				CEB4E80B1EF3ABDE00BE7AA2 /* CopyFiles */,
			);
			buildRules = (
			);
			dependencies = (
			);
			name = Lee10;
			productName = Lee10;
			productReference = CEB4E80D1EF3ABDE00BE7AA2 /* Lee10 */;
			productType = "com.apple.product-type.tool";
		};
/* End PBXNativeTarget section */

/* Begin PBXProject section */
		CEB4E8051EF3ABDE00BE7AA2 /* Project object */ = {
			isa = PBXProject;
			attributes = {
				LastSwiftUpdateCheck = 0830;
				LastUpgradeCheck = 0830;
				ORGANIZATIONNAME = user;
				TargetAttributes = {
					CEB4E80C1EF3ABDE00BE7AA2 = {
						CreatedOnToolsVersion = 8.3.2;
						DevelopmentTeam = B4L63EJHD6;
						ProvisioningStyle = Automatic;
					};
				};
			};
			buildConfigurationList = CEB4E8081EF3ABDE00BE7AA2 /* Build configuration list for PBXProject "Lee10" */;
			compatibilityVersion = "Xcode 3.2";
			developmentRegion = English;
			hasScannedForEncodings = 0;
			knownRegions = (
				en,
			);
			mainGroup = CEB4E8041EF3ABDE00BE7AA2;
			productRefGroup = CEB4E80E1EF3ABDE00BE7AA2 /* Products */;
			projectDirPath = "";
			projectRoot = "";
			targets = (
				CEB4E80C1EF3ABDE00BE7AA2 /* Lee10 */,
			);
		};
/* End PBXProject section */

/* Begin PBXSourcesBuildPhase section */
		CEB4E8091EF3ABDE00BE7AA2 /* Sources */ = {
			isa = PBXSourcesBuildPhase;
			buildActionMask = 2147483647;
			files = (
				CEB4E8181EF3ACB500BE7AA2 /* MyClasses.swift in Sources */,
				CEB4E8111EF3ABDE00BE7AA2 /* main.swift in Sources */,
			);
			runOnlyForDeploymentPostprocessing = 0;
		};
/* End PBXSourcesBuildPhase section */

/* Begin XCBuildConfiguration section */
		CEB4E8121EF3ABDE00BE7AA2 /* Debug */ = {
			isa = XCBuildConfiguration;
			buildSettings = {
				ALWAYS_SEARCH_USER_PATHS = NO;
				CLANG_ANALYZER_NONNULL = YES;
				CLANG_ANALYZER_NUMBER_OBJECT_CONVERSION = YES_AGGRESSIVE;
				CLANG_CXX_LANGUAGE_STANDARD = "gnu++0x";
				CLANG_CXX_LIBRARY = "libc++";
				CLANG_ENABLE_MODULES = YES;
				CLANG_ENABLE_OBJC_ARC = YES;
				CLANG_WARN_BOOL_CONVERSION = YES;
				CLANG_WARN_CONSTANT_CONVERSION = YES;
				CLANG_WARN_DIRECT_OBJC_ISA_USAGE = YES_ERROR;
				CLANG_WARN_DOCUMENTATION_COMMENTS = YES;
				CLANG_WARN_EMPTY_BODY = YES;
				CLANG_WARN_ENUM_CONVERSION = YES;
				CLANG_WARN_INFINITE_RECURSION = YES;
				CLANG_WARN_INT_CONVERSION = YES;
				CLANG_WARN_OBJC_ROOT_CLASS = YES_ERROR;
				CLANG_WARN_SUSPICIOUS_MOVE = YES;
				CLANG_WARN_UNREACHABLE_CODE = YES;
				CLANG_WARN__DUPLICATE_METHOD_MATCH = YES;
				CODE_SIGN_IDENTITY = "-";
				COPY_PHASE_STRIP = NO;
				DEBUG_INFORMATION_FORMAT = dwarf;
				ENABLE_STRICT_OBJC_MSGSEND = YES;
				ENABLE_TESTABILITY = YES;
				GCC_C_LANGUAGE_STANDARD = gnu99;
				GCC_DYNAMIC_NO_PIC = NO;
				GCC_NO_COMMON_BLOCKS = YES;
				GCC_OPTIMIZATION_LEVEL = 0;
				GCC_PREPROCESSOR_DEFINITIONS = (
					"DEBUG=1",
					"$(inherited)",
				);
				GCC_WARN_64_TO_32_BIT_CONVERSION = YES;
				GCC_WARN_ABOUT_RETURN_TYPE = YES_ERROR;
				GCC_WARN_UNDECLARED_SELECTOR = YES;
				GCC_WARN_UNINITIALIZED_AUTOS = YES_AGGRESSIVE;
				GCC_WARN_UNUSED_FUNCTION = YES;
				GCC_WARN_UNUSED_VARIABLE = YES;
				MACOSX_DEPLOYMENT_TARGET = 10.12;
				MTL_ENABLE_DEBUG_INFO = YES;
				ONLY_ACTIVE_ARCH = YES;
				SDKROOT = macosx;
				SWIFT_OPTIMIZATION_LEVEL = "-Onone";
			};
			name = Debug;
		};
		CEB4E8131EF3ABDE00BE7AA2 /* Release */ = {
			isa = XCBuildConfiguration;
			buildSettings = {
				ALWAYS_SEARCH_USER_PATHS = NO;
				CLANG_ANALYZER_NONNULL = YES;
				CLANG_ANALYZER_NUMBER_OBJECT_CONVERSION = YES_AGGRESSIVE;
				CLANG_CXX_LANGUAGE_STANDARD = "gnu++0x";
				CLANG_CXX_LIBRARY = "libc++";
				CLANG_ENABLE_MODULES = YES;
				CLANG_ENABLE_OBJC_ARC = YES;
				CLANG_WARN_BOOL_CONVERSION = YES;
				CLANG_WARN_CONSTANT_CONVERSION = YES;
				CLANG_WARN_DIRECT_OBJC_ISA_USAGE = YES_ERROR;
				CLANG_WARN_DOCUMENTATION_COMMENTS = YES;
				CLANG_WARN_EMPTY_BODY = YES;
				CLANG_WARN_ENUM_CONVERSION = YES;
				CLANG_WARN_INFINITE_RECURSION = YES;
				CLANG_WARN_INT_CONVERSION = YES;
				CLANG_WARN_OBJC_ROOT_CLASS = YES_ERROR;
				CLANG_WARN_SUSPICIOUS_MOVE = YES;
				CLANG_WARN_UNREACHABLE_CODE = YES;
				CLANG_WARN__DUPLICATE_METHOD_MATCH = YES;
				CODE_SIGN_IDENTITY = "-";
				COPY_PHASE_STRIP = NO;
				DEBUG_INFORMATION_FORMAT = "dwarf-with-dsym";
				ENABLE_NS_ASSERTIONS = NO;
				ENABLE_STRICT_OBJC_MSGSEND = YES;
				GCC_C_LANGUAGE_STANDARD = gnu99;
				GCC_NO_COMMON_BLOCKS = YES;
				GCC_WARN_64_TO_32_BIT_CONVERSION = YES;
				GCC_WARN_ABOUT_RETURN_TYPE = YES_ERROR;
				GCC_WARN_UNDECLARED_SELECTOR = YES;
				GCC_WARN_UNINITIALIZED_AUTOS = YES_AGGRESSIVE;
				GCC_WARN_UNUSED_FUNCTION = YES;
				GCC_WARN_UNUSED_VARIABLE = YES;
				MACOSX_DEPLOYMENT_TARGET = 10.12;
				MTL_ENABLE_DEBUG_INFO = NO;
				SDKROOT = macosx;
			};
			name = Release;
		};
		CEB4E8151EF3ABDE00BE7AA2 /* Debug */ = {
			isa = XCBuildConfiguration;
			buildSettings = {
				DEVELOPMENT_TEAM = B4L63EJHD6;
				PRODUCT_NAME = "$(TARGET_NAME)";
				SWIFT_VERSION = 3.0;
			};
			name = Debug;
		};
		CEB4E8161EF3ABDE00BE7AA2 /* Release */ = {
			isa = XCBuildConfiguration;
			buildSettings = {
				DEVELOPMENT_TEAM = B4L63EJHD6;
				PRODUCT_NAME = "$(TARGET_NAME)";
				SWIFT_VERSION = 3.0;
			};
			name = Release;
		};
/* End XCBuildConfiguration section */

/* Begin XCConfigurationList section */
		CEB4E8081EF3ABDE00BE7AA2 /* Build configuration list for PBXProject "Lee10" */ = {
			isa = XCConfigurationList;
			buildConfigurations = (
				CEB4E8121EF3ABDE00BE7AA2 /* Debug */,
				CEB4E8131EF3ABDE00BE7AA2 /* Release */,
			);
			defaultConfigurationIsVisible = 0;
			defaultConfigurationName = Release;
		};
		CEB4E8141EF3ABDE00BE7AA2 /* Build configuration list for PBXNativeTarget "Lee10" */ = {
			isa = XCConfigurationList;
			buildConfigurations = (
				CEB4E8151EF3ABDE00BE7AA2 /* Debug */,
				CEB4E8161EF3ABDE00BE7AA2 /* Release */,
			);
			defaultConfigurationIsVisible = 0;
		};
/* End XCConfigurationList section */
	};
	rootObject = CEB4E8051EF3ABDE00BE7AA2 /* Project object */;
}
